
Microsoft Visual Studio Solution File, Format Version 12.00
# Visual Studio 14
VisualStudioVersion = 14.0.25123.0
MinimumVisualStudioVersion = 10.0.40219.1
Project("{54435603-DBB4-11D2-8724-00A0C9A8B90C}") = "FileValidatorInstaller", "FileValidatorInstaller\FileValidatorInstaller.vdproj", "{301BFD41-1DF0-46F5-AC4C-0AED9F7ED243}"
EndProject
Global
	GlobalSection(SolutionConfigurationPlatforms) = preSolution
		Debug|Default = Debug|Default
		Release|Default = Release|Default
	EndGlobalSection
	GlobalSection(ProjectConfigurationPlatforms) = postSolution
		{301BFD41-1DF0-46F5-AC4C-0AED9F7ED243}.Debug|Default.ActiveCfg = Debug
		{301BFD41-1DF0-46F5-AC4C-0AED9F7ED243}.Debug|Default.Build.0 = Debug
		{301BFD41-1DF0-46F5-AC4C-0AED9F7ED243}.Release|Default.ActiveCfg = Release
		{301BFD41-1DF0-46F5-AC4C-0AED9F7ED243}.Release|Default.Build.0 = Release
	EndGlobalSection
	GlobalSection(SolutionProperties) = preSolution
		HideSolutionNode = FALSE
	EndGlobalSection
EndGlobal
